// !$*UTF8*$!
{
	archiveVersion = 1;
	classes = {
	};
	objectVersion = 50;
	objects = {

/* Begin PBXBuildFile section */
		38CB4B152816E34D00C7A8B9 /* AppDelegate.swift in Sources */ = {isa = PBXBuildFile; fileRef = 38CB4B142816E34D00C7A8B9 /* AppDelegate.swift */; };
		38CB4B172816E34D00C7A8B9 /* SceneDelegate.swift in Sources */ = {isa = PBXBuildFile; fileRef = 38CB4B162816E34D00C7A8B9 /* SceneDelegate.swift */; };
		38CB4B192816E34D00C7A8B9 /* ViewController.swift in Sources */ = {isa = PBXBuildFile; fileRef = 38CB4B182816E34D00C7A8B9 /* ViewController.swift */; };
		38CB4B1C2816E34D00C7A8B9 /* Main.storyboard in Resources */ = {isa = PBXBuildFile; fileRef = 38CB4B1A2816E34D00C7A8B9 /* Main.storyboard */; };
		38CB4B1E2816E34E00C7A8B9 /* Assets.xcassets in Resources */ = {isa = PBXBuildFile; fileRef = 38CB4B1D2816E34E00C7A8B9 /* Assets.xcassets */; };
		38CB4B212816E34E00C7A8B9 /* LaunchScreen.storyboard in Resources */ = {isa = PBXBuildFile; fileRef = 38CB4B1F2816E34E00C7A8B9 /* LaunchScreen.storyboard */; };
		38CB4B2A2816E69D00C7A8B9 /* CovidDatos.swift in Sources */ = {isa = PBXBuildFile; fileRef = 38CB4B292816E69D00C7A8B9 /* CovidDatos.swift */; };
		38CB4B2D2816E7E300C7A8B9 /* CovidModelo.swift in Sources */ = {isa = PBXBuildFile; fileRef = 38CB4B2C2816E7E300C7A8B9 /* CovidModelo.swift */; };
		38CB4B302816EA5400C7A8B9 /* CovidManager.swift in Sources */ = {isa = PBXBuildFile; fileRef = 38CB4B2F2816EA5400C7A8B9 /* CovidManager.swift */; };
		38CD0E00281ADBB30016F84E /* SegundaPantallaViewController.swift in Sources */ = {isa = PBXBuildFile; fileRef = 38CD0DFF281ADBB30016F84E /* SegundaPantallaViewController.swift */; };
		38E0CD9C281C2A8D002E002A /* CeldaPaisTableViewCell.swift in Sources */ = {isa = PBXBuildFile; fileRef = 38E0CD9A281C2A8D002E002A /* CeldaPaisTableViewCell.swift */; };
		38E0CD9D281C2A8D002E002A /* CeldaPaisTableViewCell.xib in Resources */ = {isa = PBXBuildFile; fileRef = 38E0CD9B281C2A8D002E002A /* CeldaPaisTableViewCell.xib */; };
/* End PBXBuildFile section */

/* Begin PBXFileReference section */
		38CB4B112816E34D00C7A8B9 /* ListaPaisesCovid.app */ = {isa = PBXFileReference; explicitFileType = wrapper.application; includeInIndex = 0; path = ListaPaisesCovid.app; sourceTree = BUILT_PRODUCTS_DIR; };
		38CB4B142816E34D00C7A8B9 /* AppDelegate.swift */ = {isa = PBXFileReference; lastKnownFileType = sourcecode.swift; path = AppDelegate.swift; sourceTree = "<group>"; };
		38CB4B162816E34D00C7A8B9 /* SceneDelegate.swift */ = {isa = PBXFileReference; lastKnownFileType = sourcecode.swift; path = SceneDelegate.swift; sourceTree = "<group>"; };
		38CB4B182816E34D00C7A8B9 /* ViewController.swift */ = {isa = PBXFileReference; lastKnownFileType = sourcecode.swift; path = ViewController.swift; sourceTree = "<group>"; };
		38CB4B1B2816E34D00C7A8B9 /* Base */ = {isa = PBXFileReference; lastKnownFileType = file.storyboard; name = Base; path = Base.lproj/Main.storyboard; sourceTree = "<group>"; };
		38CB4B1D2816E34E00C7A8B9 /* Assets.xcassets */ = {isa = PBXFileReference; lastKnownFileType = folder.assetcatalog; path = Assets.xcassets; sourceTree = "<group>"; };
		38CB4B202816E34E00C7A8B9 /* Base */ = {isa = PBXFileReference; lastKnownFileType = file.storyboard; name = Base; path = Base.lproj/LaunchScreen.storyboard; sourceTree = "<group>"; };
		38CB4B222816E34E00C7A8B9 /* Info.plist */ = {isa = PBXFileReference; lastKnownFileType = text.plist.xml; path = Info.plist; sourceTree = "<group>"; };
		38CB4B292816E69D00C7A8B9 /* CovidDatos.swift */ = {isa = PBXFileReference; lastKnownFileType = sourcecode.swift; path = CovidDatos.swift; sourceTree = "<group>"; };
		38CB4B2C2816E7E300C7A8B9 /* CovidModelo.swift */ = {isa = PBXFileReference; lastKnownFileType = sourcecode.swift; path = CovidModelo.swift; sourceTree = "<group>"; };
		38CB4B2F2816EA5400C7A8B9 /* CovidManager.swift */ = {isa = PBXFileReference; lastKnownFileType = sourcecode.swift; path = CovidManager.swift; sourceTree = "<group>"; };
		38CD0DFF281ADBB30016F84E /* SegundaPantallaViewController.swift */ = {isa = PBXFileReference; lastKnownFileType = sourcecode.swift; path = SegundaPantallaViewController.swift; sourceTree = "<group>"; };
		38E0CD9A281C2A8D002E002A /* CeldaPaisTableViewCell.swift */ = {isa = PBXFileReference; lastKnownFileType = sourcecode.swift; path = CeldaPaisTableViewCell.swift; sourceTree = "<group>"; };
		38E0CD9B281C2A8D002E002A /* CeldaPaisTableViewCell.xib */ = {isa = PBXFileReference; lastKnownFileType = file.xib; path = CeldaPaisTableViewCell.xib; sourceTree = "<group>"; };
/* End PBXFileReference section */

/* Begin PBXFrameworksBuildPhase section */
		38CB4B0E2816E34D00C7A8B9 /* Frameworks */ = {
			isa = PBXFrameworksBuildPhase;
			buildActionMask = 2147483647;
			files = (
			);
			runOnlyForDeploymentPostprocessing = 0;
		};
/* End PBXFrameworksBuildPhase section */

/* Begin PBXGroup section */
		38CB4B082816E34D00C7A8B9 = {
			isa = PBXGroup;
			children = (
				38CB4B132816E34D00C7A8B9 /* ListaPaisesCovid */,
				38CB4B122816E34D00C7A8B9 /* Products */,
			);
			sourceTree = "<group>";
		};
		38CB4B122816E34D00C7A8B9 /* Products */ = {
			isa = PBXGroup;
			children = (
				38CB4B112816E34D00C7A8B9 /* ListaPaisesCovid.app */,
			);
			name = Products;
			sourceTree = "<group>";
		};
		38CB4B132816E34D00C7A8B9 /* ListaPaisesCovid */ = {
			isa = PBXGroup;
			children = (
				38CB4B142816E34D00C7A8B9 /* AppDelegate.swift */,
				38CB4B162816E34D00C7A8B9 /* SceneDelegate.swift */,
				38CB4B182816E34D00C7A8B9 /* ViewController.swift */,
				38CB4B1A2816E34D00C7A8B9 /* Main.storyboard */,
				38CB4B1D2816E34E00C7A8B9 /* Assets.xcassets */,
				38CB4B1F2816E34E00C7A8B9 /* LaunchScreen.storyboard */,
				38CB4B222816E34E00C7A8B9 /* Info.plist */,
				38CB4B292816E69D00C7A8B9 /* CovidDatos.swift */,
				38CB4B2C2816E7E300C7A8B9 /* CovidModelo.swift */,
				38CB4B2F2816EA5400C7A8B9 /* CovidManager.swift */,
				38CD0DFF281ADBB30016F84E /* SegundaPantallaViewController.swift */,
				38E0CD9A281C2A8D002E002A /* CeldaPaisTableViewCell.swift */,
				38E0CD9B281C2A8D002E002A /* CeldaPaisTableViewCell.xib */,
			);
			path = ListaPaisesCovid;
			sourceTree = "<group>";
		};
/* End PBXGroup section */

/* Begin PBXNativeTarget section */
		38CB4B102816E34D00C7A8B9 /* ListaPaisesCovid */ = {
			isa = PBXNativeTarget;
			buildConfigurationList = 38CB4B252816E34E00C7A8B9 /* Build configuration list for PBXNativeTarget "ListaPaisesCovid" */;
			buildPhases = (
				38CB4B0D2816E34D00C7A8B9 /* Sources */,
				38CB4B0E2816E34D00C7A8B9 /* Frameworks */,
				38CB4B0F2816E34D00C7A8B9 /* Resources */,
			);
			buildRules = (
			);
			dependencies = (
			);
			name = ListaPaisesCovid;
			productName = ListaPaisesCovid;
			productReference = 38CB4B112816E34D00C7A8B9 /* ListaPaisesCovid.app */;
			productType = "com.apple.product-type.application";
		};
/* End PBXNativeTarget section */

/* Begin PBXProject section */
		38CB4B092816E34D00C7A8B9 /* Project object */ = {
			isa = PBXProject;
			attributes = {
				LastSwiftUpdateCheck = 1210;
				LastUpgradeCheck = 1210;
				TargetAttributes = {
					38CB4B102816E34D00C7A8B9 = {
						CreatedOnToolsVersion = 12.1;
					};
				};
			};
			buildConfigurationList = 38CB4B0C2816E34D00C7A8B9 /* Build configuration list for PBXProject "ListaPaisesCovid" */;
			compatibilityVersion = "Xcode 9.3";
			developmentRegion = en;
			hasScannedForEncodings = 0;
			knownRegions = (
				en,
				Base,
			);
			mainGroup = 38CB4B082816E34D00C7A8B9;
			productRefGroup = 38CB4B122816E34D00C7A8B9 /* Products */;
			projectDirPath = "";
			projectRoot = "";
			targets = (
				38CB4B102816E34D00C7A8B9 /* ListaPaisesCovid */,
			);
		};
/* End PBXProject section */

/* Begin PBXResourcesBuildPhase section */
		38CB4B0F2816E34D00C7A8B9 /* Resources */ = {
			isa = PBXResourcesBuildPhase;
			buildActionMask = 2147483647;
			files = (
				38E0CD9D281C2A8D002E002A /* CeldaPaisTableViewCell.xib in Resources */,
				38CB4B212816E34E00C7A8B9 /* LaunchScreen.storyboard in Resources */,
				38CB4B1E2816E34E00C7A8B9 /* Assets.xcassets in Resources */,
				38CB4B1C2816E34D00C7A8B9 /* Main.storyboard in Resources */,
			);
			runOnlyForDeploymentPostprocessing = 0;
		};
/* End PBXResourcesBuildPhase section */

/* Begin PBXSourcesBuildPhase section */
		38CB4B0D2816E34D00C7A8B9 /* Sources */ = {
			isa = PBXSourcesBuildPhase;
			buildActionMask = 2147483647;
			files = (
				38E0CD9C281C2A8D002E002A /* CeldaPaisTableViewCell.swift in Sources */,
				38CB4B2D2816E7E300C7A8B9 /* CovidModelo.swift in Sources */,
				38CB4B192816E34D00C7A8B9 /* ViewController.swift in Sources */,
				38CB4B152816E34D00C7A8B9 /* AppDelegate.swift in Sources */,
				38CB4B302816EA5400C7A8B9 /* CovidManager.swift in Sources */,
				38CB4B172816E34D00C7A8B9 /* SceneDelegate.swift in Sources */,
				38CB4B2A2816E69D00C7A8B9 /* CovidDatos.swift in Sources */,
				38CD0E00281ADBB30016F84E /* SegundaPantallaViewController.swift in Sources */,
			);
			runOnlyForDeploymentPostprocessing = 0;
		};
/* End PBXSourcesBuildPhase section */

/* Begin PBXVariantGroup section */
		38CB4B1A2816E34D00C7A8B9 /* Main.storyboard */ = {
			isa = PBXVariantGroup;
			children = (
				38CB4B1B2816E34D00C7A8B9 /* Base */,
			);
			name = Main.storyboard;
			sourceTree = "<group>";
		};
		38CB4B1F2816E34E00C7A8B9 /* LaunchScreen.storyboard */ = {
			isa = PBXVariantGroup;
			children = (
				38CB4B202816E34E00C7A8B9 /* Base */,
			);
			name = LaunchScreen.storyboard;
			sourceTree = "<group>";
		};
/* End PBXVariantGroup section */

/* Begin XCBuildConfiguration section */
		38CB4B232816E34E00C7A8B9 /* Debug */ = {
			isa = XCBuildConfiguration;
			buildSettings = {
				ALWAYS_SEARCH_USER_PATHS = NO;
				CLANG_ANALYZER_NONNULL = YES;
				CLANG_ANALYZER_NUMBER_OBJECT_CONVERSION = YES_AGGRESSIVE;
				CLANG_CXX_LANGUAGE_STANDARD = "gnu++14";
				CLANG_CXX_LIBRARY = "libc++";
				CLANG_ENABLE_MODULES = YES;
				CLANG_ENABLE_OBJC_ARC = YES;
				CLANG_ENABLE_OBJC_WEAK = YES;
				CLANG_WARN_BLOCK_CAPTURE_AUTORELEASING = YES;
				CLANG_WARN_BOOL_CONVERSION = YES;
				CLANG_WARN_COMMA = YES;
				CLANG_WARN_CONSTANT_CONVERSION = YES;
				CLANG_WARN_DEPRECATED_OBJC_IMPLEMENTATIONS = YES;
				CLANG_WARN_DIRECT_OBJC_ISA_USAGE = YES_ERROR;
				CLANG_WARN_DOCUMENTATION_COMMENTS = YES;
				CLANG_WARN_EMPTY_BODY = YES;
				CLANG_WARN_ENUM_CONVERSION = YES;
				CLANG_WARN_INFINITE_RECURSION = YES;
				CLANG_WARN_INT_CONVERSION = YES;
				CLANG_WARN_NON_LITERAL_NULL_CONVERSION = YES;
				CLANG_WARN_OBJC_IMPLICIT_RETAIN_SELF = YES;
				CLANG_WARN_OBJC_LITERAL_CONVERSION = YES;
				CLANG_WARN_OBJC_ROOT_CLASS = YES_ERROR;
				CLANG_WARN_QUOTED_INCLUDE_IN_FRAMEWORK_HEADER = YES;
				CLANG_WARN_RANGE_LOOP_ANALYSIS = YES;
				CLANG_WARN_STRICT_PROTOTYPES = YES;
				CLANG_WARN_SUSPICIOUS_MOVE = YES;
				CLANG_WARN_UNGUARDED_AVAILABILITY = YES_AGGRESSIVE;
				CLANG_WARN_UNREACHABLE_CODE = YES;
				CLANG_WARN__DUPLICATE_METHOD_MATCH = YES;
				COPY_PHASE_STRIP = NO;
				DEBUG_INFORMATION_FORMAT = dwarf;
				ENABLE_STRICT_OBJC_MSGSEND = YES;
				ENABLE_TESTABILITY = YES;
				GCC_C_LANGUAGE_STANDARD = gnu11;
				GCC_DYNAMIC_NO_PIC = NO;
				GCC_NO_COMMON_BLOCKS = YES;
				GCC_OPTIMIZATION_LEVEL = 0;
				GCC_PREPROCESSOR_DEFINITIONS = (
					"DEBUG=1",
					"$(inherited)",
				);
				GCC_WARN_64_TO_32_BIT_CONVERSION = YES;
				GCC_WARN_ABOUT_RETURN_TYPE = YES_ERROR;
				GCC_WARN_UNDECLARED_SELECTOR = YES;
				GCC_WARN_UNINITIALIZED_AUTOS = YES_AGGRESSIVE;
				GCC_WARN_UNUSED_FUNCTION = YES;
				GCC_WARN_UNUSED_VARIABLE = YES;
				IPHONEOS_DEPLOYMENT_TARGET = 14.1;
				MTL_ENABLE_DEBUG_INFO = INCLUDE_SOURCE;
				MTL_FAST_MATH = YES;
				ONLY_ACTIVE_ARCH = YES;
				SDKROOT = iphoneos;
				SWIFT_ACTIVE_COMPILATION_CONDITIONS = DEBUG;
				SWIFT_OPTIMIZATION_LEVEL = "-Onone";
			};
			name = Debug;
		};
		38CB4B242816E34E00C7A8B9 /* Release */ = {
			isa = XCBuildConfiguration;
			buildSettings = {
				ALWAYS_SEARCH_USER_PATHS = NO;
				CLANG_ANALYZER_NONNULL = YES;
				CLANG_ANALYZER_NUMBER_OBJECT_CONVERSION = YES_AGGRESSIVE;
				CLANG_CXX_LANGUAGE_STANDARD = "gnu++14";
				CLANG_CXX_LIBRARY = "libc++";
				CLANG_ENABLE_MODULES = YES;
				CLANG_ENABLE_OBJC_ARC = YES;
				CLANG_ENABLE_OBJC_WEAK = YES;
				CLANG_WARN_BLOCK_CAPTURE_AUTORELEASING = YES;
				CLANG_WARN_BOOL_CONVERSION = YES;
				CLANG_WARN_COMMA = YES;
				CLANG_WARN_CONSTANT_CONVERSION = YES;
				CLANG_WARN_DEPRECATED_OBJC_IMPLEMENTATIONS = YES;
				CLANG_WARN_DIRECT_OBJC_ISA_USAGE = YES_ERROR;
				CLANG_WARN_DOCUMENTATION_COMMENTS = YES;
				CLANG_WARN_EMPTY_BODY = YES;
				CLANG_WARN_ENUM_CONVERSION = YES;
				CLANG_WARN_INFINITE_RECURSION = YES;
				CLANG_WARN_INT_CONVERSION = YES;
				CLANG_WARN_NON_LITERAL_NULL_CONVERSION = YES;
				CLANG_WARN_OBJC_IMPLICIT_RETAIN_SELF = YES;
				CLANG_WARN_OBJC_LITERAL_CONVERSION = YES;
				CLANG_WARN_OBJC_ROOT_CLASS = YES_ERROR;
				CLANG_WARN_QUOTED_INCLUDE_IN_FRAMEWORK_HEADER = YES;
				CLANG_WARN_RANGE_LOOP_ANALYSIS = YES;
				CLANG_WARN_STRICT_PROTOTYPES = YES;
				CLANG_WARN_SUSPICIOUS_MOVE = YES;
				CLANG_WARN_UNGUARDED_AVAILABILITY = YES_AGGRESSIVE;
				CLANG_WARN_UNREACHABLE_CODE = YES;
				CLANG_WARN__DUPLICATE_METHOD_MATCH = YES;
				COPY_PHASE_STRIP = NO;
				DEBUG_INFORMATION_FORMAT = "dwarf-with-dsym";
				ENABLE_NS_ASSERTIONS = NO;
				ENABLE_STRICT_OBJC_MSGSEND = YES;
				GCC_C_LANGUAGE_STANDARD = gnu11;
				GCC_NO_COMMON_BLOCKS = YES;
				GCC_WARN_64_TO_32_BIT_CONVERSION = YES;
				GCC_WARN_ABOUT_RETURN_TYPE = YES_ERROR;
				GCC_WARN_UNDECLARED_SELECTOR = YES;
				GCC_WARN_UNINITIALIZED_AUTOS = YES_AGGRESSIVE;
				GCC_WARN_UNUSED_FUNCTION = YES;
				GCC_WARN_UNUSED_VARIABLE = YES;
				IPHONEOS_DEPLOYMENT_TARGET = 14.1;
				MTL_ENABLE_DEBUG_INFO = NO;
				MTL_FAST_MATH = YES;
				SDKROOT = iphoneos;
				SWIFT_COMPILATION_MODE = wholemodule;
				SWIFT_OPTIMIZATION_LEVEL = "-O";
				VALIDATE_PRODUCT = YES;
			};
			name = Release;
		};
		38CB4B262816E34E00C7A8B9 /* Debug */ = {
			isa = XCBuildConfiguration;
			buildSettings = {
				ASSETCATALOG_COMPILER_APPICON_NAME = AppIcon;
				ASSETCATALOG_COMPILER_GLOBAL_ACCENT_COLOR_NAME = AccentColor;
				CODE_SIGN_STYLE = Automatic;
				INFOPLIST_FILE = ListaPaisesCovid/Info.plist;
				LD_RUNPATH_SEARCH_PATHS = (
					"$(inherited)",
					"@executable_path/Frameworks",
				);
				PRODUCT_BUNDLE_IDENTIFIER = com.itmorelia.ListaPaisesCovid;
				PRODUCT_NAME = "$(TARGET_NAME)";
				SWIFT_VERSION = 5.0;
				TARGETED_DEVICE_FAMILY = "1,2";
			};
			name = Debug;
		};
		38CB4B272816E34E00C7A8B9 /* Release */ = {
			isa = XCBuildConfiguration;
			buildSettings = {
				ASSETCATALOG_COMPILER_APPICON_NAME = AppIcon;
				ASSETCATALOG_COMPILER_GLOBAL_ACCENT_COLOR_NAME = AccentColor;
				CODE_SIGN_STYLE = Automatic;
				INFOPLIST_FILE = ListaPaisesCovid/Info.plist;
				LD_RUNPATH_SEARCH_PATHS = (
					"$(inherited)",
					"@executable_path/Frameworks",
				);
				PRODUCT_BUNDLE_IDENTIFIER = com.itmorelia.ListaPaisesCovid;
				PRODUCT_NAME = "$(TARGET_NAME)";
				SWIFT_VERSION = 5.0;
				TARGETED_DEVICE_FAMILY = "1,2";
			};
			name = Release;
		};
/* End XCBuildConfiguration section */

/* Begin XCConfigurationList section */
		38CB4B0C2816E34D00C7A8B9 /* Build configuration list for PBXProject "ListaPaisesCovid" */ = {
			isa = XCConfigurationList;
			buildConfigurations = (
				38CB4B232816E34E00C7A8B9 /* Debug */,
				38CB4B242816E34E00C7A8B9 /* Release */,
			);
			defaultConfigurationIsVisible = 0;
			defaultConfigurationName = Release;
		};
		38CB4B252816E34E00C7A8B9 /* Build configuration list for PBXNativeTarget "ListaPaisesCovid" */ = {
			isa = XCConfigurationList;
			buildConfigurations = (
				38CB4B262816E34E00C7A8B9 /* Debug */,
				38CB4B272816E34E00C7A8B9 /* Release */,
			);
			defaultConfigurationIsVisible = 0;
			defaultConfigurationName = Release;
		};
/* End XCConfigurationList section */
	};
	rootObject = 38CB4B092816E34D00C7A8B9 /* Project object */;
}
